
Microsoft Visual Studio Solution File, Format Version 12.00
# Visual Studio Version 16
VisualStudioVersion = 16.0.31729.503
MinimumVisualStudioVersion = 10.0.40219.1
Project("{FAE04EC0-301F-11D3-BF4B-00C04F79EFBC}") = "ExcitingVirtualPetCore", "ExcitingVirtualPetCore\ExcitingVirtualPetCore.csproj", "{584C7E2A-F98E-46EC-9FCD-236C9CEFBF54}"
EndProject
Global
	GlobalSection(SolutionConfigurationPlatforms) = preSolution
		Debug|Any CPU = Debug|Any CPU
		Release|Any CPU = Release|Any CPU
	EndGlobalSection
	GlobalSection(ProjectConfigurationPlatforms) = postSolution
		{584C7E2A-F98E-46EC-9FCD-236C9CEFBF54}.Debug|Any CPU.ActiveCfg = Debug|Any CPU
		{584C7E2A-F98E-46EC-9FCD-236C9CEFBF54}.Debug|Any CPU.Build.0 = Debug|Any CPU
		{584C7E2A-F98E-46EC-9FCD-236C9CEFBF54}.Release|Any CPU.ActiveCfg = Release|Any CPU
		{584C7E2A-F98E-46EC-9FCD-236C9CEFBF54}.Release|Any CPU.Build.0 = Release|Any CPU
	EndGlobalSection
	GlobalSection(SolutionProperties) = preSolution
		HideSolutionNode = FALSE
	EndGlobalSection
	GlobalSection(ExtensibilityGlobals) = postSolution
		SolutionGuid = {76281B8E-66B5-4D7D-8CC0-87DF1410FC85}
	EndGlobalSection
EndGlobal
